
Microsoft Visual Studio Solution File, Format Version 12.00
# Visual Studio Version 17
VisualStudioVersion = 17.13.35828.75
MinimumVisualStudioVersion = 10.0.40219.1
Project("{8BC9CEB8-8B4A-11D0-8D11-00A0C91BC942}") = "Inheritance", "Inheritance\Inheritance.vcxproj", "{DEF59BDB-67D0-46B3-9071-E0FF7A984360}"
EndProject
Project("{8BC9CEB8-8B4A-11D0-8D11-00A0C91BC942}") = "Academy", "academy\academy.vcxproj", "{A5A93DA0-6DB0-4DC5-839D-633D64D984E5}"
EndProject
Project("{8BC9CEB8-8B4A-11D0-8D11-00A0C91BC942}") = "Files", "Files\Files.vcxproj", "{F6BF4236-49F1-43A8-AB50-B0BEB99C3421}"
EndProject
Project("{8BC9CEB8-8B4A-11D0-8D11-00A0C91BC942}") = "WOL", "WOL\WOL.vcxproj", "{34451ABC-A3F9-43D6-A58D-322F01C7DA45}"
EndProject
Project("{8BC9CEB8-8B4A-11D0-8D11-00A0C91BC942}") = "Task", "Task\Task.vcxproj", "{08E19CE4-F49D-4FE6-B5DC-22380531EF65}"
EndProject
Project("{8BC9CEB8-8B4A-11D0-8D11-00A0C91BC942}") = "AbstractBaseClass", "AbstractBaseClass\AbstractBaseClass.vcxproj", "{E6F10B77-39D0-4B60-8AF9-61E2A2AF5589}"
EndProject
Global
	GlobalSection(SolutionConfigurationPlatforms) = preSolution
		Debug|x64 = Debug|x64
		Debug|x86 = Debug|x86
		Release|x64 = Release|x64
		Release|x86 = Release|x86
	EndGlobalSection
	GlobalSection(ProjectConfigurationPlatforms) = postSolution
		{DEF59BDB-67D0-46B3-9071-E0FF7A984360}.Debug|x64.ActiveCfg = Debug|x64
		{DEF59BDB-67D0-46B3-9071-E0FF7A984360}.Debug|x64.Build.0 = Debug|x64
		{DEF59BDB-67D0-46B3-9071-E0FF7A984360}.Debug|x86.ActiveCfg = Debug|Win32
		{DEF59BDB-67D0-46B3-9071-E0FF7A984360}.Debug|x86.Build.0 = Debug|Win32
		{DEF59BDB-67D0-46B3-9071-E0FF7A984360}.Release|x64.ActiveCfg = Release|x64
		{DEF59BDB-67D0-46B3-9071-E0FF7A984360}.Release|x64.Build.0 = Release|x64
		{DEF59BDB-67D0-46B3-9071-E0FF7A984360}.Release|x86.ActiveCfg = Release|Win32
		{DEF59BDB-67D0-46B3-9071-E0FF7A984360}.Release|x86.Build.0 = Release|Win32
		{A5A93DA0-6DB0-4DC5-839D-633D64D984E5}.Debug|x64.ActiveCfg = Debug|x64
		{A5A93DA0-6DB0-4DC5-839D-633D64D984E5}.Debug|x64.Build.0 = Debug|x64
		{A5A93DA0-6DB0-4DC5-839D-633D64D984E5}.Debug|x86.ActiveCfg = Debug|Win32
		{A5A93DA0-6DB0-4DC5-839D-633D64D984E5}.Debug|x86.Build.0 = Debug|Win32
		{A5A93DA0-6DB0-4DC5-839D-633D64D984E5}.Release|x64.ActiveCfg = Release|x64
		{A5A93DA0-6DB0-4DC5-839D-633D64D984E5}.Release|x64.Build.0 = Release|x64
		{A5A93DA0-6DB0-4DC5-839D-633D64D984E5}.Release|x86.ActiveCfg = Release|Win32
		{A5A93DA0-6DB0-4DC5-839D-633D64D984E5}.Release|x86.Build.0 = Release|Win32
		{F6BF4236-49F1-43A8-AB50-B0BEB99C3421}.Debug|x64.ActiveCfg = Debug|x64
		{F6BF4236-49F1-43A8-AB50-B0BEB99C3421}.Debug|x64.Build.0 = Debug|x64
		{F6BF4236-49F1-43A8-AB50-B0BEB99C3421}.Debug|x86.ActiveCfg = Debug|Win32
		{F6BF4236-49F1-43A8-AB50-B0BEB99C3421}.Debug|x86.Build.0 = Debug|Win32
		{F6BF4236-49F1-43A8-AB50-B0BEB99C3421}.Release|x64.ActiveCfg = Release|x64
		{F6BF4236-49F1-43A8-AB50-B0BEB99C3421}.Release|x64.Build.0 = Release|x64
		{F6BF4236-49F1-43A8-AB50-B0BEB99C3421}.Release|x86.ActiveCfg = Release|Win32
		{F6BF4236-49F1-43A8-AB50-B0BEB99C3421}.Release|x86.Build.0 = Release|Win32
		{34451ABC-A3F9-43D6-A58D-322F01C7DA45}.Debug|x64.ActiveCfg = Debug|x64
		{34451ABC-A3F9-43D6-A58D-322F01C7DA45}.Debug|x64.Build.0 = Debug|x64
		{34451ABC-A3F9-43D6-A58D-322F01C7DA45}.Debug|x86.ActiveCfg = Debug|Win32
		{34451ABC-A3F9-43D6-A58D-322F01C7DA45}.Debug|x86.Build.0 = Debug|Win32
		{34451ABC-A3F9-43D6-A58D-322F01C7DA45}.Release|x64.ActiveCfg = Release|x64
		{34451ABC-A3F9-43D6-A58D-322F01C7DA45}.Release|x64.Build.0 = Release|x64
		{34451ABC-A3F9-43D6-A58D-322F01C7DA45}.Release|x86.ActiveCfg = Release|Win32
		{34451ABC-A3F9-43D6-A58D-322F01C7DA45}.Release|x86.Build.0 = Release|Win32
		{08E19CE4-F49D-4FE6-B5DC-22380531EF65}.Debug|x64.ActiveCfg = Debug|x64
		{08E19CE4-F49D-4FE6-B5DC-22380531EF65}.Debug|x64.Build.0 = Debug|x64
		{08E19CE4-F49D-4FE6-B5DC-22380531EF65}.Debug|x86.ActiveCfg = Debug|Win32
		{08E19CE4-F49D-4FE6-B5DC-22380531EF65}.Debug|x86.Build.0 = Debug|Win32
		{08E19CE4-F49D-4FE6-B5DC-22380531EF65}.Release|x64.ActiveCfg = Release|x64
		{08E19CE4-F49D-4FE6-B5DC-22380531EF65}.Release|x64.Build.0 = Release|x64
		{08E19CE4-F49D-4FE6-B5DC-22380531EF65}.Release|x86.ActiveCfg = Release|Win32
		{08E19CE4-F49D-4FE6-B5DC-22380531EF65}.Release|x86.Build.0 = Release|Win32
		{E6F10B77-39D0-4B60-8AF9-61E2A2AF5589}.Debug|x64.ActiveCfg = Debug|x64
		{E6F10B77-39D0-4B60-8AF9-61E2A2AF5589}.Debug|x64.Build.0 = Debug|x64
		{E6F10B77-39D0-4B60-8AF9-61E2A2AF5589}.Debug|x86.ActiveCfg = Debug|Win32
		{E6F10B77-39D0-4B60-8AF9-61E2A2AF5589}.Debug|x86.Build.0 = Debug|Win32
		{E6F10B77-39D0-4B60-8AF9-61E2A2AF5589}.Release|x64.ActiveCfg = Release|x64
		{E6F10B77-39D0-4B60-8AF9-61E2A2AF5589}.Release|x64.Build.0 = Release|x64
		{E6F10B77-39D0-4B60-8AF9-61E2A2AF5589}.Release|x86.ActiveCfg = Release|Win32
		{E6F10B77-39D0-4B60-8AF9-61E2A2AF5589}.Release|x86.Build.0 = Release|Win32
	EndGlobalSection
	GlobalSection(SolutionProperties) = preSolution
		HideSolutionNode = FALSE
	EndGlobalSection
	GlobalSection(ExtensibilityGlobals) = postSolution
		SolutionGuid = {65BF0EDB-F32E-46E4-ACF4-DC00895C31FF}
	EndGlobalSection
EndGlobal
